# This file is automatically @generated by Poetry 1.6.1 and should not be changed by hand.

[[package]]
name = "gunicorn"
version = "21.2.0"
description = "WSGI HTTP Server for UNIX"
optional = false
python-versions = ">=3.5"
files = [
    {file = "gunicorn-21.2.0-py3-none-any.whl", hash = "sha256:3213aa5e8c24949e792bcacfc176fef362e7aac80b76c56f6b5122bf350722f0"},
    {file = "gunicorn-21.2.0.tar.gz", hash = "sha256:88ec8bff1d634f98e61b9f65bc4bf3cd918a90806c6f5c48bc5603849ec81033"},
]

[package.dependencies]
packaging = "*"

[package.extras]
eventlet = ["eventlet (>=0.24.1)"]
gevent = ["gevent (>=1.4.0)"]
setproctitle = ["setproctitle"]
tornado = ["tornado (>=0.2)"]

[[package]]
name = "packaging"
version = "23.2"
description = "Core utilities for Python packages"
optional = false
python-versions = ">=3.7"
files = [
    {file = "packaging-23.2-py3-none-any.whl", hash = "sha256:8c491190033a9af7e1d931d0b5dacc2ef47509b34dd0de67ed209b5203fc88c7"},
    {file = "packaging-23.2.tar.gz", hash = "sha256:048fb0e9405036518eaaf48a55953c750c11e1a1b68e0dd1a9d62ed0c092cfc5"},
]

[[package]]
name = "parse"
version = "1.20.0"
description = "parse() is the opposite of format()"
optional = false
python-versions = "*"
files = [
    {file = "parse-1.20.0-py2.py3-none-any.whl", hash = "sha256:5e171b001452fa9f004c5a58a93525175468daf69b493e9fa915347ed7ff6968"},
    {file = "parse-1.20.0.tar.gz", hash = "sha256:bd28bae37714b45d5894d77160a16e2be36b64a3b618c81168b3684676aa498b"},
]

[metadata]
lock-version = "2.0"
python-versions = "^3.11"
content-hash = "a83e78f7aadc6ea1cdcf08d6f0925af81a6ea4dcce8d8236069af02cd43b7053"
